
Microsoft Visual Studio Solution File, Format Version 12.00
# Visual Studio 2012
Project("{FAE04EC0-301F-11D3-BF4B-00C04F79EFBC}") = "NoSqlJsonFileProject", "NoSQLJSONFileProject\NoSqlJsonFileProject.csproj", "{44489FED-EE02-409E-9601-93FFFE8FFBCD}"
EndProject
Project("{FAE04EC0-301F-11D3-BF4B-00C04F79EFBC}") = "ConsoleDemo", "ConsoleDemo\ConsoleDemo.csproj", "{B3C08643-1AF3-4480-BBCB-C92FE90673B4}"
EndProject
Project("{FAE04EC0-301F-11D3-BF4B-00C04F79EFBC}") = "WindowsFormsApplicationDemo", "WindowsFormsApplicationDemo\WindowsFormsApplicationDemo.csproj", "{DCB7F05F-55BD-43BC-8409-7053BA3E92CB}"
EndProject
Project("{2150E333-8FDC-42A3-9474-1A3956D46DE8}") = "Solution Items", "Solution Items", "{35AEEAD7-8F42-47EF-827F-61B837D95997}"
	ProjectSection(SolutionItems) = preProject
		ProjectScripts\Form1_Script.ccc = ProjectScripts\Form1_Script.ccc
	EndProjectSection
EndProject
Project("{FAE04EC0-301F-11D3-BF4B-00C04F79EFBC}") = "PersonalBudgetWPFApplicationDemo", "PersonalBudgetWPFApplicationDemo\PersonalBudgetWPFApplicationDemo.csproj", "{4CBC15BF-3402-4C3E-9004-0684C97BEB56}"
EndProject
Global
	GlobalSection(SolutionConfigurationPlatforms) = preSolution
		Debug|Any CPU = Debug|Any CPU
		Release|Any CPU = Release|Any CPU
	EndGlobalSection
	GlobalSection(ProjectConfigurationPlatforms) = postSolution
		{44489FED-EE02-409E-9601-93FFFE8FFBCD}.Debug|Any CPU.ActiveCfg = Debug|Any CPU
		{44489FED-EE02-409E-9601-93FFFE8FFBCD}.Debug|Any CPU.Build.0 = Debug|Any CPU
		{44489FED-EE02-409E-9601-93FFFE8FFBCD}.Release|Any CPU.ActiveCfg = Release|Any CPU
		{44489FED-EE02-409E-9601-93FFFE8FFBCD}.Release|Any CPU.Build.0 = Release|Any CPU
		{B3C08643-1AF3-4480-BBCB-C92FE90673B4}.Debug|Any CPU.ActiveCfg = Debug|Any CPU
		{B3C08643-1AF3-4480-BBCB-C92FE90673B4}.Debug|Any CPU.Build.0 = Debug|Any CPU
		{B3C08643-1AF3-4480-BBCB-C92FE90673B4}.Release|Any CPU.ActiveCfg = Release|Any CPU
		{B3C08643-1AF3-4480-BBCB-C92FE90673B4}.Release|Any CPU.Build.0 = Release|Any CPU
		{DCB7F05F-55BD-43BC-8409-7053BA3E92CB}.Debug|Any CPU.ActiveCfg = Debug|Any CPU
		{DCB7F05F-55BD-43BC-8409-7053BA3E92CB}.Debug|Any CPU.Build.0 = Debug|Any CPU
		{DCB7F05F-55BD-43BC-8409-7053BA3E92CB}.Release|Any CPU.ActiveCfg = Release|Any CPU
		{DCB7F05F-55BD-43BC-8409-7053BA3E92CB}.Release|Any CPU.Build.0 = Release|Any CPU
		{4CBC15BF-3402-4C3E-9004-0684C97BEB56}.Debug|Any CPU.ActiveCfg = Debug|Any CPU
		{4CBC15BF-3402-4C3E-9004-0684C97BEB56}.Debug|Any CPU.Build.0 = Debug|Any CPU
		{4CBC15BF-3402-4C3E-9004-0684C97BEB56}.Release|Any CPU.ActiveCfg = Release|Any CPU
		{4CBC15BF-3402-4C3E-9004-0684C97BEB56}.Release|Any CPU.Build.0 = Release|Any CPU
	EndGlobalSection
	GlobalSection(SolutionProperties) = preSolution
		HideSolutionNode = FALSE
	EndGlobalSection
EndGlobal
